
Microsoft Visual Studio Solution File, Format Version 12.00
# Visual Studio Version 17
VisualStudioVersion = 17.5.33516.290
MinimumVisualStudioVersion = 10.0.40219.1
Project("{FAE04EC0-301F-11D3-BF4B-00C04F79EFBC}") = "SERVER", "SERVER\SERVER.csproj", "{C510D1AE-5380-4958-8328-1E0ED8C8E2A2}"
EndProject
Project("{FAE04EC0-301F-11D3-BF4B-00C04F79EFBC}") = "CLIENT", "CLIENT\CLIENT.csproj", "{82A6F8A8-6157-44E5-AA64-F9F332EAC13D}"
EndProject
Global
	GlobalSection(SolutionConfigurationPlatforms) = preSolution
		Debug|Any CPU = Debug|Any CPU
		Release|Any CPU = Release|Any CPU
	EndGlobalSection
	GlobalSection(ProjectConfigurationPlatforms) = postSolution
		{C510D1AE-5380-4958-8328-1E0ED8C8E2A2}.Debug|Any CPU.ActiveCfg = Debug|Any CPU
		{C510D1AE-5380-4958-8328-1E0ED8C8E2A2}.Debug|Any CPU.Build.0 = Debug|Any CPU
		{C510D1AE-5380-4958-8328-1E0ED8C8E2A2}.Release|Any CPU.ActiveCfg = Release|Any CPU
		{C510D1AE-5380-4958-8328-1E0ED8C8E2A2}.Release|Any CPU.Build.0 = Release|Any CPU
		{82A6F8A8-6157-44E5-AA64-F9F332EAC13D}.Debug|Any CPU.ActiveCfg = Debug|Any CPU
		{82A6F8A8-6157-44E5-AA64-F9F332EAC13D}.Debug|Any CPU.Build.0 = Debug|Any CPU
		{82A6F8A8-6157-44E5-AA64-F9F332EAC13D}.Release|Any CPU.ActiveCfg = Release|Any CPU
		{82A6F8A8-6157-44E5-AA64-F9F332EAC13D}.Release|Any CPU.Build.0 = Release|Any CPU
	EndGlobalSection
	GlobalSection(SolutionProperties) = preSolution
		HideSolutionNode = FALSE
	EndGlobalSection
	GlobalSection(ExtensibilityGlobals) = postSolution
		SolutionGuid = {4BCD9A0D-6CEB-4AE0-B1A9-C474AFBE8296}
	EndGlobalSection
EndGlobal
