
Microsoft Visual Studio Solution File, Format Version 12.00
# Visual Studio Version 17
VisualStudioVersion = 17.5.33516.290
MinimumVisualStudioVersion = 10.0.40219.1
Project("{FAE04EC0-301F-11D3-BF4B-00C04F79EFBC}") = "Server_", "Server_\Server_.csproj", "{D08CAF5A-8E7E-43E8-AF44-C0E891E3121A}"
EndProject
Project("{FAE04EC0-301F-11D3-BF4B-00C04F79EFBC}") = "Client", "Client\Client.csproj", "{6C94A92C-83BB-427F-90BD-E4EDE49D8AD2}"
EndProject
Project("{FAE04EC0-301F-11D3-BF4B-00C04F79EFBC}") = "client_2", "client_2\client_2.csproj", "{C2A6B467-3F25-4929-860B-45FD6AB0B2BF}"
EndProject
Global
	GlobalSection(SolutionConfigurationPlatforms) = preSolution
		Debug|Any CPU = Debug|Any CPU
		Release|Any CPU = Release|Any CPU
	EndGlobalSection
	GlobalSection(ProjectConfigurationPlatforms) = postSolution
		{D08CAF5A-8E7E-43E8-AF44-C0E891E3121A}.Debug|Any CPU.ActiveCfg = Debug|Any CPU
		{D08CAF5A-8E7E-43E8-AF44-C0E891E3121A}.Debug|Any CPU.Build.0 = Debug|Any CPU
		{D08CAF5A-8E7E-43E8-AF44-C0E891E3121A}.Release|Any CPU.ActiveCfg = Release|Any CPU
		{D08CAF5A-8E7E-43E8-AF44-C0E891E3121A}.Release|Any CPU.Build.0 = Release|Any CPU
		{6C94A92C-83BB-427F-90BD-E4EDE49D8AD2}.Debug|Any CPU.ActiveCfg = Debug|Any CPU
		{6C94A92C-83BB-427F-90BD-E4EDE49D8AD2}.Debug|Any CPU.Build.0 = Debug|Any CPU
		{6C94A92C-83BB-427F-90BD-E4EDE49D8AD2}.Release|Any CPU.ActiveCfg = Release|Any CPU
		{6C94A92C-83BB-427F-90BD-E4EDE49D8AD2}.Release|Any CPU.Build.0 = Release|Any CPU
		{C2A6B467-3F25-4929-860B-45FD6AB0B2BF}.Debug|Any CPU.ActiveCfg = Debug|Any CPU
		{C2A6B467-3F25-4929-860B-45FD6AB0B2BF}.Debug|Any CPU.Build.0 = Debug|Any CPU
		{C2A6B467-3F25-4929-860B-45FD6AB0B2BF}.Release|Any CPU.ActiveCfg = Release|Any CPU
		{C2A6B467-3F25-4929-860B-45FD6AB0B2BF}.Release|Any CPU.Build.0 = Release|Any CPU
	EndGlobalSection
	GlobalSection(SolutionProperties) = preSolution
		HideSolutionNode = FALSE
	EndGlobalSection
	GlobalSection(ExtensibilityGlobals) = postSolution
		SolutionGuid = {B9467CC7-985D-4B39-903E-DF890BEF6C1A}
	EndGlobalSection
EndGlobal
