
Microsoft Visual Studio Solution File, Format Version 12.00
# Visual Studio Version 17
VisualStudioVersion = 17.5.33516.290
MinimumVisualStudioVersion = 10.0.40219.1
Project("{FAE04EC0-301F-11D3-BF4B-00C04F79EFBC}") = "Client", "Client\Client.csproj", "{51819CFA-907E-4342-9075-FDEFC1921CCF}"
EndProject
Project("{FAE04EC0-301F-11D3-BF4B-00C04F79EFBC}") = "Server", "Server\Server.csproj", "{4540DE24-33CF-4082-B670-4FEE7DF87509}"
EndProject
Global
	GlobalSection(SolutionConfigurationPlatforms) = preSolution
		Debug|Any CPU = Debug|Any CPU
		Release|Any CPU = Release|Any CPU
	EndGlobalSection
	GlobalSection(ProjectConfigurationPlatforms) = postSolution
		{51819CFA-907E-4342-9075-FDEFC1921CCF}.Debug|Any CPU.ActiveCfg = Debug|Any CPU
		{51819CFA-907E-4342-9075-FDEFC1921CCF}.Debug|Any CPU.Build.0 = Debug|Any CPU
		{51819CFA-907E-4342-9075-FDEFC1921CCF}.Release|Any CPU.ActiveCfg = Release|Any CPU
		{51819CFA-907E-4342-9075-FDEFC1921CCF}.Release|Any CPU.Build.0 = Release|Any CPU
		{4540DE24-33CF-4082-B670-4FEE7DF87509}.Debug|Any CPU.ActiveCfg = Debug|Any CPU
		{4540DE24-33CF-4082-B670-4FEE7DF87509}.Debug|Any CPU.Build.0 = Debug|Any CPU
		{4540DE24-33CF-4082-B670-4FEE7DF87509}.Release|Any CPU.ActiveCfg = Release|Any CPU
		{4540DE24-33CF-4082-B670-4FEE7DF87509}.Release|Any CPU.Build.0 = Release|Any CPU
	EndGlobalSection
	GlobalSection(SolutionProperties) = preSolution
		HideSolutionNode = FALSE
	EndGlobalSection
	GlobalSection(ExtensibilityGlobals) = postSolution
		SolutionGuid = {4AB65CB4-DA1B-4137-9CFA-3B2E62A55EF0}
	EndGlobalSection
EndGlobal
