
Microsoft Visual Studio Solution File, Format Version 12.00
# Visual Studio Version 17
VisualStudioVersion = 17.5.33516.290
MinimumVisualStudioVersion = 10.0.40219.1
Project("{FAE04EC0-301F-11D3-BF4B-00C04F79EFBC}") = "Client", "Client\Client.csproj", "{CA13EEA8-FF20-45DB-ACA3-67A3AAA561FD}"
EndProject
Project("{FAE04EC0-301F-11D3-BF4B-00C04F79EFBC}") = "Server", "Server\Server.csproj", "{45A5EB3F-DC2C-452E-A779-D41FAA78B517}"
EndProject
Global
	GlobalSection(SolutionConfigurationPlatforms) = preSolution
		Debug|Any CPU = Debug|Any CPU
		Release|Any CPU = Release|Any CPU
	EndGlobalSection
	GlobalSection(ProjectConfigurationPlatforms) = postSolution
		{CA13EEA8-FF20-45DB-ACA3-67A3AAA561FD}.Debug|Any CPU.ActiveCfg = Debug|Any CPU
		{CA13EEA8-FF20-45DB-ACA3-67A3AAA561FD}.Debug|Any CPU.Build.0 = Debug|Any CPU
		{CA13EEA8-FF20-45DB-ACA3-67A3AAA561FD}.Release|Any CPU.ActiveCfg = Release|Any CPU
		{CA13EEA8-FF20-45DB-ACA3-67A3AAA561FD}.Release|Any CPU.Build.0 = Release|Any CPU
		{45A5EB3F-DC2C-452E-A779-D41FAA78B517}.Debug|Any CPU.ActiveCfg = Debug|Any CPU
		{45A5EB3F-DC2C-452E-A779-D41FAA78B517}.Debug|Any CPU.Build.0 = Debug|Any CPU
		{45A5EB3F-DC2C-452E-A779-D41FAA78B517}.Release|Any CPU.ActiveCfg = Release|Any CPU
		{45A5EB3F-DC2C-452E-A779-D41FAA78B517}.Release|Any CPU.Build.0 = Release|Any CPU
	EndGlobalSection
	GlobalSection(SolutionProperties) = preSolution
		HideSolutionNode = FALSE
	EndGlobalSection
	GlobalSection(ExtensibilityGlobals) = postSolution
		SolutionGuid = {7FCE3DC7-4A1B-481D-8941-E87B2C40DF6A}
	EndGlobalSection
EndGlobal
