
Microsoft Visual Studio Solution File, Format Version 12.00
# Visual Studio Version 17
VisualStudioVersion = 17.5.33516.290
MinimumVisualStudioVersion = 10.0.40219.1
Project("{FAE04EC0-301F-11D3-BF4B-00C04F79EFBC}") = "Server", "Server\Server.csproj", "{5354B9AF-828D-4045-9074-5C7E45F34B98}"
EndProject
Project("{FAE04EC0-301F-11D3-BF4B-00C04F79EFBC}") = "Client", "Client\Client.csproj", "{ADA55599-1492-4426-B119-0CFBB90FB017}"
EndProject
Global
	GlobalSection(SolutionConfigurationPlatforms) = preSolution
		Debug|Any CPU = Debug|Any CPU
		Release|Any CPU = Release|Any CPU
	EndGlobalSection
	GlobalSection(ProjectConfigurationPlatforms) = postSolution
		{5354B9AF-828D-4045-9074-5C7E45F34B98}.Debug|Any CPU.ActiveCfg = Debug|Any CPU
		{5354B9AF-828D-4045-9074-5C7E45F34B98}.Debug|Any CPU.Build.0 = Debug|Any CPU
		{5354B9AF-828D-4045-9074-5C7E45F34B98}.Release|Any CPU.ActiveCfg = Release|Any CPU
		{5354B9AF-828D-4045-9074-5C7E45F34B98}.Release|Any CPU.Build.0 = Release|Any CPU
		{ADA55599-1492-4426-B119-0CFBB90FB017}.Debug|Any CPU.ActiveCfg = Debug|Any CPU
		{ADA55599-1492-4426-B119-0CFBB90FB017}.Debug|Any CPU.Build.0 = Debug|Any CPU
		{ADA55599-1492-4426-B119-0CFBB90FB017}.Release|Any CPU.ActiveCfg = Release|Any CPU
		{ADA55599-1492-4426-B119-0CFBB90FB017}.Release|Any CPU.Build.0 = Release|Any CPU
	EndGlobalSection
	GlobalSection(SolutionProperties) = preSolution
		HideSolutionNode = FALSE
	EndGlobalSection
	GlobalSection(ExtensibilityGlobals) = postSolution
		SolutionGuid = {DFCC956F-D1F3-4DB7-93DC-06798E416C9B}
	EndGlobalSection
EndGlobal
