
Microsoft Visual Studio Solution File, Format Version 12.00
# Visual Studio Version 17
VisualStudioVersion = 17.5.33516.290
MinimumVisualStudioVersion = 10.0.40219.1
Project("{FAE04EC0-301F-11D3-BF4B-00C04F79EFBC}") = "Server", "Server\Server.csproj", "{08301BE3-FB99-4154-82E1-E5AD9A949104}"
EndProject
Project("{FAE04EC0-301F-11D3-BF4B-00C04F79EFBC}") = "Client", "Client\Client.csproj", "{0D034A35-A543-42D3-9FD2-8932BF1E8307}"
EndProject
Global
	GlobalSection(SolutionConfigurationPlatforms) = preSolution
		Debug|Any CPU = Debug|Any CPU
		Release|Any CPU = Release|Any CPU
	EndGlobalSection
	GlobalSection(ProjectConfigurationPlatforms) = postSolution
		{08301BE3-FB99-4154-82E1-E5AD9A949104}.Debug|Any CPU.ActiveCfg = Debug|Any CPU
		{08301BE3-FB99-4154-82E1-E5AD9A949104}.Debug|Any CPU.Build.0 = Debug|Any CPU
		{08301BE3-FB99-4154-82E1-E5AD9A949104}.Release|Any CPU.ActiveCfg = Release|Any CPU
		{08301BE3-FB99-4154-82E1-E5AD9A949104}.Release|Any CPU.Build.0 = Release|Any CPU
		{0D034A35-A543-42D3-9FD2-8932BF1E8307}.Debug|Any CPU.ActiveCfg = Debug|Any CPU
		{0D034A35-A543-42D3-9FD2-8932BF1E8307}.Debug|Any CPU.Build.0 = Debug|Any CPU
		{0D034A35-A543-42D3-9FD2-8932BF1E8307}.Release|Any CPU.ActiveCfg = Release|Any CPU
		{0D034A35-A543-42D3-9FD2-8932BF1E8307}.Release|Any CPU.Build.0 = Release|Any CPU
	EndGlobalSection
	GlobalSection(SolutionProperties) = preSolution
		HideSolutionNode = FALSE
	EndGlobalSection
	GlobalSection(ExtensibilityGlobals) = postSolution
		SolutionGuid = {B4F3F0BE-6921-428E-88A8-4996C8F23B50}
	EndGlobalSection
EndGlobal
