
Microsoft Visual Studio Solution File, Format Version 12.00
# Visual Studio Version 17
VisualStudioVersion = 17.5.33516.290
MinimumVisualStudioVersion = 10.0.40219.1
Project("{FAE04EC0-301F-11D3-BF4B-00C04F79EFBC}") = "Server", "Server\Server.csproj", "{90A412F4-7C20-4EE7-A856-6354F82DC859}"
EndProject
Project("{FAE04EC0-301F-11D3-BF4B-00C04F79EFBC}") = "Client", "Client\Client.csproj", "{FB73D533-CCB8-44EA-9AEC-5EE3D21CFAA9}"
EndProject
Global
	GlobalSection(SolutionConfigurationPlatforms) = preSolution
		Debug|Any CPU = Debug|Any CPU
		Release|Any CPU = Release|Any CPU
	EndGlobalSection
	GlobalSection(ProjectConfigurationPlatforms) = postSolution
		{90A412F4-7C20-4EE7-A856-6354F82DC859}.Debug|Any CPU.ActiveCfg = Debug|Any CPU
		{90A412F4-7C20-4EE7-A856-6354F82DC859}.Debug|Any CPU.Build.0 = Debug|Any CPU
		{90A412F4-7C20-4EE7-A856-6354F82DC859}.Release|Any CPU.ActiveCfg = Release|Any CPU
		{90A412F4-7C20-4EE7-A856-6354F82DC859}.Release|Any CPU.Build.0 = Release|Any CPU
		{FB73D533-CCB8-44EA-9AEC-5EE3D21CFAA9}.Debug|Any CPU.ActiveCfg = Debug|Any CPU
		{FB73D533-CCB8-44EA-9AEC-5EE3D21CFAA9}.Debug|Any CPU.Build.0 = Debug|Any CPU
		{FB73D533-CCB8-44EA-9AEC-5EE3D21CFAA9}.Release|Any CPU.ActiveCfg = Release|Any CPU
		{FB73D533-CCB8-44EA-9AEC-5EE3D21CFAA9}.Release|Any CPU.Build.0 = Release|Any CPU
	EndGlobalSection
	GlobalSection(SolutionProperties) = preSolution
		HideSolutionNode = FALSE
	EndGlobalSection
	GlobalSection(ExtensibilityGlobals) = postSolution
		SolutionGuid = {632FB018-56CA-4F65-9A9D-E644E2FCFAE9}
	EndGlobalSection
EndGlobal
