
Microsoft Visual Studio Solution File, Format Version 12.00
# Visual Studio Version 17
VisualStudioVersion = 17.5.33516.290
MinimumVisualStudioVersion = 10.0.40219.1
Project("{FAE04EC0-301F-11D3-BF4B-00C04F79EFBC}") = "Server", "Server\Server.csproj", "{A0640ADE-B1FE-440E-978E-C57314E050EB}"
EndProject
Project("{FAE04EC0-301F-11D3-BF4B-00C04F79EFBC}") = "Client", "Client\Client.csproj", "{A4CEC3C2-4480-46D3-807F-9069CDBB4EF0}"
EndProject
Global
	GlobalSection(SolutionConfigurationPlatforms) = preSolution
		Debug|Any CPU = Debug|Any CPU
		Release|Any CPU = Release|Any CPU
	EndGlobalSection
	GlobalSection(ProjectConfigurationPlatforms) = postSolution
		{A0640ADE-B1FE-440E-978E-C57314E050EB}.Debug|Any CPU.ActiveCfg = Debug|Any CPU
		{A0640ADE-B1FE-440E-978E-C57314E050EB}.Debug|Any CPU.Build.0 = Debug|Any CPU
		{A0640ADE-B1FE-440E-978E-C57314E050EB}.Release|Any CPU.ActiveCfg = Release|Any CPU
		{A0640ADE-B1FE-440E-978E-C57314E050EB}.Release|Any CPU.Build.0 = Release|Any CPU
		{A4CEC3C2-4480-46D3-807F-9069CDBB4EF0}.Debug|Any CPU.ActiveCfg = Debug|Any CPU
		{A4CEC3C2-4480-46D3-807F-9069CDBB4EF0}.Debug|Any CPU.Build.0 = Debug|Any CPU
		{A4CEC3C2-4480-46D3-807F-9069CDBB4EF0}.Release|Any CPU.ActiveCfg = Release|Any CPU
		{A4CEC3C2-4480-46D3-807F-9069CDBB4EF0}.Release|Any CPU.Build.0 = Release|Any CPU
	EndGlobalSection
	GlobalSection(SolutionProperties) = preSolution
		HideSolutionNode = FALSE
	EndGlobalSection
	GlobalSection(ExtensibilityGlobals) = postSolution
		SolutionGuid = {6E4412F5-7F6E-4D64-A7BC-1119FCA294BE}
	EndGlobalSection
EndGlobal
